
Microsoft Visual Studio Solution File, Format Version 12.00
# Visual Studio Version 16
VisualStudioVersion = 16.0.30621.155
MinimumVisualStudioVersion = 10.0.40219.1
Project("{FAE04EC0-301F-11D3-BF4B-00C04F79EFBC}") = "01_Types", "01_Types\01_Types.csproj", "{D16C324A-E879-4D08-B50F-5DFF2460024A}"
EndProject
Project("{FAE04EC0-301F-11D3-BF4B-00C04F79EFBC}") = "02_Conditionals", "02_Conditionals\02_Conditionals.csproj", "{D799E4B7-3160-4B7F-8F23-040C0775386C}"
EndProject
Project("{FAE04EC0-301F-11D3-BF4B-00C04F79EFBC}") = "03_Loops", "03_Loops\03_Loops.csproj", "{7254DC38-95FE-47FC-A929-3A1C942219C7}"
EndProject
Project("{FAE04EC0-301F-11D3-BF4B-00C04F79EFBC}") = "04_Methods", "04_Methods\04_Methods.csproj", "{C3F3CFE1-F921-4FB0-B964-D5426382C64E}"
EndProject
Project("{FAE04EC0-301F-11D3-BF4B-00C04F79EFBC}") = "05_Classes", "05_Classes\05_Classes.csproj", "{EABD6FE2-9881-4CB1-AADF-02BF24D37D92}"
EndProject
Global
	GlobalSection(SolutionConfigurationPlatforms) = preSolution
		Debug|Any CPU = Debug|Any CPU
		Release|Any CPU = Release|Any CPU
	EndGlobalSection
	GlobalSection(ProjectConfigurationPlatforms) = postSolution
		{D16C324A-E879-4D08-B50F-5DFF2460024A}.Debug|Any CPU.ActiveCfg = Debug|Any CPU
		{D16C324A-E879-4D08-B50F-5DFF2460024A}.Debug|Any CPU.Build.0 = Debug|Any CPU
		{D16C324A-E879-4D08-B50F-5DFF2460024A}.Release|Any CPU.ActiveCfg = Release|Any CPU
		{D16C324A-E879-4D08-B50F-5DFF2460024A}.Release|Any CPU.Build.0 = Release|Any CPU
		{D799E4B7-3160-4B7F-8F23-040C0775386C}.Debug|Any CPU.ActiveCfg = Debug|Any CPU
		{D799E4B7-3160-4B7F-8F23-040C0775386C}.Debug|Any CPU.Build.0 = Debug|Any CPU
		{D799E4B7-3160-4B7F-8F23-040C0775386C}.Release|Any CPU.ActiveCfg = Release|Any CPU
		{D799E4B7-3160-4B7F-8F23-040C0775386C}.Release|Any CPU.Build.0 = Release|Any CPU
		{7254DC38-95FE-47FC-A929-3A1C942219C7}.Debug|Any CPU.ActiveCfg = Debug|Any CPU
		{7254DC38-95FE-47FC-A929-3A1C942219C7}.Debug|Any CPU.Build.0 = Debug|Any CPU
		{7254DC38-95FE-47FC-A929-3A1C942219C7}.Release|Any CPU.ActiveCfg = Release|Any CPU
		{7254DC38-95FE-47FC-A929-3A1C942219C7}.Release|Any CPU.Build.0 = Release|Any CPU
		{C3F3CFE1-F921-4FB0-B964-D5426382C64E}.Debug|Any CPU.ActiveCfg = Debug|Any CPU
		{C3F3CFE1-F921-4FB0-B964-D5426382C64E}.Debug|Any CPU.Build.0 = Debug|Any CPU
		{C3F3CFE1-F921-4FB0-B964-D5426382C64E}.Release|Any CPU.ActiveCfg = Release|Any CPU
		{C3F3CFE1-F921-4FB0-B964-D5426382C64E}.Release|Any CPU.Build.0 = Release|Any CPU
		{EABD6FE2-9881-4CB1-AADF-02BF24D37D92}.Debug|Any CPU.ActiveCfg = Debug|Any CPU
		{EABD6FE2-9881-4CB1-AADF-02BF24D37D92}.Debug|Any CPU.Build.0 = Debug|Any CPU
		{EABD6FE2-9881-4CB1-AADF-02BF24D37D92}.Release|Any CPU.ActiveCfg = Release|Any CPU
		{EABD6FE2-9881-4CB1-AADF-02BF24D37D92}.Release|Any CPU.Build.0 = Release|Any CPU
	EndGlobalSection
	GlobalSection(SolutionProperties) = preSolution
		HideSolutionNode = FALSE
	EndGlobalSection
	GlobalSection(ExtensibilityGlobals) = postSolution
		SolutionGuid = {EF1F19BA-CB40-4B98-833A-D3F66C839B3E}
	EndGlobalSection
EndGlobal
